
Microsoft Visual Studio Solution File, Format Version 10.00
# Visual Studio 2008
Project("{2150E333-8FDC-42A3-9474-1A3956D46DE8}") = "Command", "Command", "{1EA2507F-5F0B-4FAA-8C67-C9C2A16877D5}"
EndProject
Project("{2150E333-8FDC-42A3-9474-1A3956D46DE8}") = "Tool", "Tool", "{A19DAD1C-5C6B-4585-BA8A-F7D440DE7F25}"
EndProject
Project("{2150E333-8FDC-42A3-9474-1A3956D46DE8}") = "DockableWindow", "DockableWindow", "{46589077-205C-45AB-A784-AC3D060E7879}"
EndProject
Project("{2150E333-8FDC-42A3-9474-1A3956D46DE8}") = "Toolbar", "Toolbar", "{4F580B5D-6C55-48FA-9C96-02748B1B3F7E}"
EndProject
Project("{FAE04EC0-301F-11D3-BF4B-00C04F79EFBC}") = "NBGIS.Plugin.CAddData", "NBGIS.Plugin.CAddData\NBGIS.Plugin.CAddData.csproj", "{8B2AFD95-2BEE-461E-9ADC-2B2C7D2B1A38}"
EndProject
Project("{FAE04EC0-301F-11D3-BF4B-00C04F79EFBC}") = "NBGIS.Plugin.TZoomIn", "NBGIS.Plugin.TZoomIN\NBGIS.Plugin.TZoomIn.csproj", "{B02173E9-2817-4702-9BE5-C98B6BEE220A}"
EndProject
Project("{FAE04EC0-301F-11D3-BF4B-00C04F79EFBC}") = "NBGIS.Plugin.TPan", "NBGIS.Plugin.TPan\NBGIS.Plugin.TPan.csproj", "{64812073-4332-47D3-BE7B-994958E399BA}"
EndProject
Project("{FAE04EC0-301F-11D3-BF4B-00C04F79EFBC}") = "NBGIS.Plugin.CFullExtent", "NBGIS.Plugin.CFullExtent\NBGIS.Plugin.CFullExtent.csproj", "{239D0D60-6271-4198-9491-48F1FB502B4B}"
EndProject
Project("{FAE04EC0-301F-11D3-BF4B-00C04F79EFBC}") = "NBGIS.Plugin.TZoomOut", "NBGIS.Plugin.TZoomOut\NBGIS.Plugin.TZoomOut.csproj", "{F634A989-4F0F-41F3-9C29-A36DD701D84C}"
EndProject
Project("{FAE04EC0-301F-11D3-BF4B-00C04F79EFBC}") = "NBGIS.Plugin.TMainTools", "NBGIS.Plugin.MainTools\NBGIS.Plugin.TMainTools.csproj", "{4C3914F3-FD3C-47C9-8210-73879789A492}"
EndProject
Project("{FAE04EC0-301F-11D3-BF4B-00C04F79EFBC}") = "NBGIS.Plugin.COverView", "NBGIS.Plugin.COverView\NBGIS.Plugin.COverView.csproj", "{86F90F86-F78B-4655-ABF7-035DDFD4B750}"
EndProject
Project("{2150E333-8FDC-42A3-9474-1A3956D46DE8}") = "Menu", "Menu", "{B1C827EE-8B86-4910-BDDF-82A5BC926076}"
EndProject
Project("{FAE04EC0-301F-11D3-BF4B-00C04F79EFBC}") = "NBGIS.Plugin.Menu", "NBGIS.Plugin.Menu\NBGIS.Plugin.Menu.csproj", "{94430AC9-84E6-403C-BFEC-B6CAEF4FCF75}"
EndProject
Global
	GlobalSection(SolutionConfigurationPlatforms) = preSolution
		Debug|Any CPU = Debug|Any CPU
		Release|Any CPU = Release|Any CPU
	EndGlobalSection
	GlobalSection(ProjectConfigurationPlatforms) = postSolution
		{8B2AFD95-2BEE-461E-9ADC-2B2C7D2B1A38}.Debug|Any CPU.ActiveCfg = Debug|Any CPU
		{8B2AFD95-2BEE-461E-9ADC-2B2C7D2B1A38}.Debug|Any CPU.Build.0 = Debug|Any CPU
		{8B2AFD95-2BEE-461E-9ADC-2B2C7D2B1A38}.Release|Any CPU.ActiveCfg = Release|Any CPU
		{8B2AFD95-2BEE-461E-9ADC-2B2C7D2B1A38}.Release|Any CPU.Build.0 = Release|Any CPU
		{B02173E9-2817-4702-9BE5-C98B6BEE220A}.Debug|Any CPU.ActiveCfg = Debug|Any CPU
		{B02173E9-2817-4702-9BE5-C98B6BEE220A}.Debug|Any CPU.Build.0 = Debug|Any CPU
		{B02173E9-2817-4702-9BE5-C98B6BEE220A}.Release|Any CPU.ActiveCfg = Release|Any CPU
		{B02173E9-2817-4702-9BE5-C98B6BEE220A}.Release|Any CPU.Build.0 = Release|Any CPU
		{64812073-4332-47D3-BE7B-994958E399BA}.Debug|Any CPU.ActiveCfg = Debug|Any CPU
		{64812073-4332-47D3-BE7B-994958E399BA}.Debug|Any CPU.Build.0 = Debug|Any CPU
		{64812073-4332-47D3-BE7B-994958E399BA}.Release|Any CPU.ActiveCfg = Release|Any CPU
		{64812073-4332-47D3-BE7B-994958E399BA}.Release|Any CPU.Build.0 = Release|Any CPU
		{239D0D60-6271-4198-9491-48F1FB502B4B}.Debug|Any CPU.ActiveCfg = Debug|Any CPU
		{239D0D60-6271-4198-9491-48F1FB502B4B}.Debug|Any CPU.Build.0 = Debug|Any CPU
		{239D0D60-6271-4198-9491-48F1FB502B4B}.Release|Any CPU.ActiveCfg = Release|Any CPU
		{239D0D60-6271-4198-9491-48F1FB502B4B}.Release|Any CPU.Build.0 = Release|Any CPU
		{F634A989-4F0F-41F3-9C29-A36DD701D84C}.Debug|Any CPU.ActiveCfg = Debug|Any CPU
		{F634A989-4F0F-41F3-9C29-A36DD701D84C}.Debug|Any CPU.Build.0 = Debug|Any CPU
		{F634A989-4F0F-41F3-9C29-A36DD701D84C}.Release|Any CPU.ActiveCfg = Release|Any CPU
		{F634A989-4F0F-41F3-9C29-A36DD701D84C}.Release|Any CPU.Build.0 = Release|Any CPU
		{4C3914F3-FD3C-47C9-8210-73879789A492}.Debug|Any CPU.ActiveCfg = Debug|Any CPU
		{4C3914F3-FD3C-47C9-8210-73879789A492}.Debug|Any CPU.Build.0 = Debug|Any CPU
		{4C3914F3-FD3C-47C9-8210-73879789A492}.Release|Any CPU.ActiveCfg = Release|Any CPU
		{4C3914F3-FD3C-47C9-8210-73879789A492}.Release|Any CPU.Build.0 = Release|Any CPU
		{86F90F86-F78B-4655-ABF7-035DDFD4B750}.Debug|Any CPU.ActiveCfg = Debug|Any CPU
		{86F90F86-F78B-4655-ABF7-035DDFD4B750}.Debug|Any CPU.Build.0 = Debug|Any CPU
		{86F90F86-F78B-4655-ABF7-035DDFD4B750}.Release|Any CPU.ActiveCfg = Release|Any CPU
		{86F90F86-F78B-4655-ABF7-035DDFD4B750}.Release|Any CPU.Build.0 = Release|Any CPU
		{94430AC9-84E6-403C-BFEC-B6CAEF4FCF75}.Debug|Any CPU.ActiveCfg = Debug|Any CPU
		{94430AC9-84E6-403C-BFEC-B6CAEF4FCF75}.Debug|Any CPU.Build.0 = Debug|Any CPU
		{94430AC9-84E6-403C-BFEC-B6CAEF4FCF75}.Release|Any CPU.ActiveCfg = Release|Any CPU
		{94430AC9-84E6-403C-BFEC-B6CAEF4FCF75}.Release|Any CPU.Build.0 = Release|Any CPU
	EndGlobalSection
	GlobalSection(SolutionProperties) = preSolution
		HideSolutionNode = FALSE
	EndGlobalSection
	GlobalSection(NestedProjects) = preSolution
		{8B2AFD95-2BEE-461E-9ADC-2B2C7D2B1A38} = {1EA2507F-5F0B-4FAA-8C67-C9C2A16877D5}
		{239D0D60-6271-4198-9491-48F1FB502B4B} = {1EA2507F-5F0B-4FAA-8C67-C9C2A16877D5}
		{86F90F86-F78B-4655-ABF7-035DDFD4B750} = {1EA2507F-5F0B-4FAA-8C67-C9C2A16877D5}
		{B02173E9-2817-4702-9BE5-C98B6BEE220A} = {A19DAD1C-5C6B-4585-BA8A-F7D440DE7F25}
		{64812073-4332-47D3-BE7B-994958E399BA} = {A19DAD1C-5C6B-4585-BA8A-F7D440DE7F25}
		{F634A989-4F0F-41F3-9C29-A36DD701D84C} = {A19DAD1C-5C6B-4585-BA8A-F7D440DE7F25}
		{4C3914F3-FD3C-47C9-8210-73879789A492} = {4F580B5D-6C55-48FA-9C96-02748B1B3F7E}
		{94430AC9-84E6-403C-BFEC-B6CAEF4FCF75} = {B1C827EE-8B86-4910-BDDF-82A5BC926076}
	EndGlobalSection
EndGlobal
