
Microsoft Visual Studio Solution File, Format Version 10.00
# Visual Studio 2008
Project("{FAE04EC0-301F-11D3-BF4B-00C04F79EFBC}") = "NBGIS.PluginEngine", "NBGIS.PluginEngine\NBGIS.PluginEngine.csproj", "{02E068E4-CEE9-4B93-A759-9F364C941BB2}"
EndProject
Project("{FAE04EC0-301F-11D3-BF4B-00C04F79EFBC}") = "NBGIS.MainGIS", "NBGIS.MainGIS\NBGIS.MainGIS.csproj", "{47E5E544-2031-48D7-8032-621035D062A7}"
	ProjectSection(ProjectDependencies) = postProject
		{02E068E4-CEE9-4B93-A759-9F364C941BB2} = {02E068E4-CEE9-4B93-A759-9F364C941BB2}
	EndProjectSection
EndProject
Global
	GlobalSection(SubversionScc) = preSolution
		Svn-Managed = True
		Manager = AnkhSVN - Subversion Support for Visual Studio
	EndGlobalSection
	GlobalSection(SolutionConfigurationPlatforms) = preSolution
		Debug|Any CPU = Debug|Any CPU
		Release|Any CPU = Release|Any CPU
	EndGlobalSection
	GlobalSection(ProjectConfigurationPlatforms) = postSolution
		{02E068E4-CEE9-4B93-A759-9F364C941BB2}.Debug|Any CPU.ActiveCfg = Debug|Any CPU
		{02E068E4-CEE9-4B93-A759-9F364C941BB2}.Debug|Any CPU.Build.0 = Debug|Any CPU
		{02E068E4-CEE9-4B93-A759-9F364C941BB2}.Release|Any CPU.ActiveCfg = Release|Any CPU
		{02E068E4-CEE9-4B93-A759-9F364C941BB2}.Release|Any CPU.Build.0 = Release|Any CPU
		{47E5E544-2031-48D7-8032-621035D062A7}.Debug|Any CPU.ActiveCfg = Debug|Any CPU
		{47E5E544-2031-48D7-8032-621035D062A7}.Debug|Any CPU.Build.0 = Debug|Any CPU
		{47E5E544-2031-48D7-8032-621035D062A7}.Release|Any CPU.ActiveCfg = Release|Any CPU
		{47E5E544-2031-48D7-8032-621035D062A7}.Release|Any CPU.Build.0 = Release|Any CPU
	EndGlobalSection
	GlobalSection(SolutionProperties) = preSolution
		HideSolutionNode = FALSE
	EndGlobalSection
EndGlobal
